
Microsoft Visual Studio Solution File, Format Version 12.00
# Visual Studio Version 17
VisualStudioVersion = 17.5.33424.131
MinimumVisualStudioVersion = 10.0.40219.1
Project("{FAE04EC0-301F-11D3-BF4B-00C04F79EFBC}") = "Haustierverwaltung", "Haustierverwaltung\Haustierverwaltung.csproj", "{12042CA8-1A92-4881-9DD0-4E417B85C904}"
EndProject
Project("{FAE04EC0-301F-11D3-BF4B-00C04F79EFBC}") = "ZooTiere", "ZooTiere\ZooTiere.csproj", "{2D522053-AD19-4C1D-B0E9-0E2DE33D7C3E}"
EndProject
Global
	GlobalSection(SolutionConfigurationPlatforms) = preSolution
		Debug|Any CPU = Debug|Any CPU
		Release|Any CPU = Release|Any CPU
	EndGlobalSection
	GlobalSection(ProjectConfigurationPlatforms) = postSolution
		{12042CA8-1A92-4881-9DD0-4E417B85C904}.Debug|Any CPU.ActiveCfg = Debug|Any CPU
		{12042CA8-1A92-4881-9DD0-4E417B85C904}.Debug|Any CPU.Build.0 = Debug|Any CPU
		{12042CA8-1A92-4881-9DD0-4E417B85C904}.Release|Any CPU.ActiveCfg = Release|Any CPU
		{12042CA8-1A92-4881-9DD0-4E417B85C904}.Release|Any CPU.Build.0 = Release|Any CPU
		{2D522053-AD19-4C1D-B0E9-0E2DE33D7C3E}.Debug|Any CPU.ActiveCfg = Debug|Any CPU
		{2D522053-AD19-4C1D-B0E9-0E2DE33D7C3E}.Debug|Any CPU.Build.0 = Debug|Any CPU
		{2D522053-AD19-4C1D-B0E9-0E2DE33D7C3E}.Release|Any CPU.ActiveCfg = Release|Any CPU
		{2D522053-AD19-4C1D-B0E9-0E2DE33D7C3E}.Release|Any CPU.Build.0 = Release|Any CPU
	EndGlobalSection
	GlobalSection(SolutionProperties) = preSolution
		HideSolutionNode = FALSE
	EndGlobalSection
	GlobalSection(ExtensibilityGlobals) = postSolution
		SolutionGuid = {91F79DDE-BBC0-42A9-B0BF-A6B57BAFB024}
	EndGlobalSection
EndGlobal
